Microsoft Visual Studio Solution File, Format Version 11.00
# Visual Studio 2008

Project("{66A586F6-F1F7-6FCE-0087-50B6D44B0395}") = "pyolo", "Assembly-CSharp.csproj", "{F9C42D8E-E31A-078E-62A0-8A8ED7F2D8D4}"
EndProject
Global
	GlobalSection(SolutionConfigurationPlatforms) = preSolution
		Debug|Any CPU = Debug|Any CPU
		Release|Any CPU = Release|Any CPU
	EndGlobalSection
	GlobalSection(ProjectConfigurationPlatforms) = postSolution
		{F9C42D8E-E31A-078E-62A0-8A8ED7F2D8D4}.Debug|Any CPU.ActiveCfg = Debug|Any CPU
		{F9C42D8E-E31A-078E-62A0-8A8ED7F2D8D4}.Debug|Any CPU.Build.0 = Debug|Any CPU
		{F9C42D8E-E31A-078E-62A0-8A8ED7F2D8D4}.Release|Any CPU.ActiveCfg = Release|Any CPU
		{F9C42D8E-E31A-078E-62A0-8A8ED7F2D8D4}.Release|Any CPU.Build.0 = Release|Any CPU
	EndGlobalSection
	GlobalSection(SolutionProperties) = preSolution
		HideSolutionNode = FALSE
	EndGlobalSection
	GlobalSection(MonoDevelopProperties) = preSolution
		StartupItem = Assembly-CSharp.csproj
	EndGlobalSection
EndGlobal
